
Microsoft Visual Studio Solution File, Format Version 12.00
# Visual Studio 15
VisualStudioVersion = 15.0.27428.2037
MinimumVisualStudioVersion = 10.0.40219.1
Project("{8BC9CEB8-8B4A-11D0-8D11-00A0C91BC942}") = "Project3_2", "Project3_2\Project3_2.vcxproj", "{C561E631-7B25-4816-AE20-75528521D03C}"
EndProject
Global
	GlobalSection(SolutionConfigurationPlatforms) = preSolution
		Debug|x64 = Debug|x64
		Debug|x86 = Debug|x86
		Release|x64 = Release|x64
		Release|x86 = Release|x86
	EndGlobalSection
	GlobalSection(ProjectConfigurationPlatforms) = postSolution
		{C561E631-7B25-4816-AE20-75528521D03C}.Debug|x64.ActiveCfg = Debug|x64
		{C561E631-7B25-4816-AE20-75528521D03C}.Debug|x64.Build.0 = Debug|x64
		{C561E631-7B25-4816-AE20-75528521D03C}.Debug|x86.ActiveCfg = Debug|Win32
		{C561E631-7B25-4816-AE20-75528521D03C}.Debug|x86.Build.0 = Debug|Win32
		{C561E631-7B25-4816-AE20-75528521D03C}.Release|x64.ActiveCfg = Release|x64
		{C561E631-7B25-4816-AE20-75528521D03C}.Release|x64.Build.0 = Release|x64
		{C561E631-7B25-4816-AE20-75528521D03C}.Release|x86.ActiveCfg = Release|Win32
		{C561E631-7B25-4816-AE20-75528521D03C}.Release|x86.Build.0 = Release|Win32
	EndGlobalSection
	GlobalSection(SolutionProperties) = preSolution
		HideSolutionNode = FALSE
	EndGlobalSection
	GlobalSection(ExtensibilityGlobals) = postSolution
		SolutionGuid = {FCE96CE5-BBBA-49CD-8E59-25459C0872DB}
	EndGlobalSection
EndGlobal
