
Microsoft Visual Studio Solution File, Format Version 12.00
# Visual Studio 15
VisualStudioVersion = 15.0.27428.2015
MinimumVisualStudioVersion = 10.0.40219.1
Project("{8BC9CEB8-8B4A-11D0-8D11-00A0C91BC942}") = "Project3", "Project3\Project3.vcxproj", "{F71AF713-CDEA-4E94-9D52-7E1FDE76A025}"
EndProject
Global
	GlobalSection(SolutionConfigurationPlatforms) = preSolution
		Debug|x64 = Debug|x64
		Debug|x86 = Debug|x86
		Release|x64 = Release|x64
		Release|x86 = Release|x86
	EndGlobalSection
	GlobalSection(ProjectConfigurationPlatforms) = postSolution
		{F71AF713-CDEA-4E94-9D52-7E1FDE76A025}.Debug|x64.ActiveCfg = Debug|x64
		{F71AF713-CDEA-4E94-9D52-7E1FDE76A025}.Debug|x64.Build.0 = Debug|x64
		{F71AF713-CDEA-4E94-9D52-7E1FDE76A025}.Debug|x86.ActiveCfg = Debug|Win32
		{F71AF713-CDEA-4E94-9D52-7E1FDE76A025}.Debug|x86.Build.0 = Debug|Win32
		{F71AF713-CDEA-4E94-9D52-7E1FDE76A025}.Release|x64.ActiveCfg = Release|x64
		{F71AF713-CDEA-4E94-9D52-7E1FDE76A025}.Release|x64.Build.0 = Release|x64
		{F71AF713-CDEA-4E94-9D52-7E1FDE76A025}.Release|x86.ActiveCfg = Release|Win32
		{F71AF713-CDEA-4E94-9D52-7E1FDE76A025}.Release|x86.Build.0 = Release|Win32
	EndGlobalSection
	GlobalSection(SolutionProperties) = preSolution
		HideSolutionNode = FALSE
	EndGlobalSection
	GlobalSection(ExtensibilityGlobals) = postSolution
		SolutionGuid = {99E1E805-1599-4B9E-AA6E-0ACD0DBCBC89}
	EndGlobalSection
EndGlobal
